
Microsoft Visual Studio Solution File, Format Version 12.00
# Visual Studio Version 16
VisualStudioVersion = 16.0.34301.259
MinimumVisualStudioVersion = 10.0.40219.1
Project("{F184B08F-C81C-45F6-A57F-5ABD9991F28F}") = "TOLIN-FINALPROJECT-COMPROG2", "TOLIN-FINALPROJECT-COMPROG2\TOLIN-FINALPROJECT-COMPROG2.vbproj", "{299C8F77-A864-4719-80CD-19CDC3CED4BE}"
EndProject
Global
	GlobalSection(SolutionConfigurationPlatforms) = preSolution
		Debug|Any CPU = Debug|Any CPU
		Release|Any CPU = Release|Any CPU
	EndGlobalSection
	GlobalSection(ProjectConfigurationPlatforms) = postSolution
		{299C8F77-A864-4719-80CD-19CDC3CED4BE}.Debug|Any CPU.ActiveCfg = Debug|Any CPU
		{299C8F77-A864-4719-80CD-19CDC3CED4BE}.Debug|Any CPU.Build.0 = Debug|Any CPU
		{299C8F77-A864-4719-80CD-19CDC3CED4BE}.Release|Any CPU.ActiveCfg = Release|Any CPU
		{299C8F77-A864-4719-80CD-19CDC3CED4BE}.Release|Any CPU.Build.0 = Release|Any CPU
	EndGlobalSection
	GlobalSection(SolutionProperties) = preSolution
		HideSolutionNode = FALSE
	EndGlobalSection
	GlobalSection(ExtensibilityGlobals) = postSolution
		SolutionGuid = {8B5407DB-1577-4891-AA68-3224038FC7F7}
	EndGlobalSection
EndGlobal
